
Microsoft Visual Studio Solution File, Format Version 12.00
# Visual Studio Version 17
VisualStudioVersion = 17.8.34511.84
MinimumVisualStudioVersion = 10.0.40219.1
Project("{8BC9CEB8-8B4A-11D0-8D11-00A0C91BC942}") = "GUI_Project", "GUI_Project\GUI_Project.vcxproj", "{BCB8A674-D128-4302-BD53-A7B2B407B089}"
EndProject
Global
	GlobalSection(SolutionConfigurationPlatforms) = preSolution
		Debug|x64 = Debug|x64
		Debug|x86 = Debug|x86
		Release|x64 = Release|x64
		Release|x86 = Release|x86
	EndGlobalSection
	GlobalSection(ProjectConfigurationPlatforms) = postSolution
		{BCB8A674-D128-4302-BD53-A7B2B407B089}.Debug|x64.ActiveCfg = Debug|x64
		{BCB8A674-D128-4302-BD53-A7B2B407B089}.Debug|x64.Build.0 = Debug|x64
		{BCB8A674-D128-4302-BD53-A7B2B407B089}.Debug|x86.ActiveCfg = Debug|Win32
		{BCB8A674-D128-4302-BD53-A7B2B407B089}.Debug|x86.Build.0 = Debug|Win32
		{BCB8A674-D128-4302-BD53-A7B2B407B089}.Release|x64.ActiveCfg = Release|x64
		{BCB8A674-D128-4302-BD53-A7B2B407B089}.Release|x64.Build.0 = Release|x64
		{BCB8A674-D128-4302-BD53-A7B2B407B089}.Release|x86.ActiveCfg = Release|Win32
		{BCB8A674-D128-4302-BD53-A7B2B407B089}.Release|x86.Build.0 = Release|Win32
	EndGlobalSection
	GlobalSection(SolutionProperties) = preSolution
		HideSolutionNode = FALSE
	EndGlobalSection
	GlobalSection(ExtensibilityGlobals) = postSolution
		SolutionGuid = {DA7E3F2C-0BF5-4024-9EC0-88B9CDE972B0}
	EndGlobalSection
EndGlobal
